{
  "name": "visualizador-service",
  "version": "1.0.0",
  "lockfileVersion": 3,
  "requires": true,
  "packages": {
    "": {
      "name": "visualizador-service",
      "version": "1.0.0",
      "license": "ISC",
      "dependencies": {
        "@egjs/hammerjs": "^2.0.17",
        "cornerstone-core": "^2.6.1",
        "cornerstone-tools": "^6.0.10",
        "cornerstone-wado-image-loader": "^3.0.6",
        "dicom-parser": "^1.8.21"
      }
    },
    "node_modules/@babel/runtime": {
      "version": "7.1.2",
      "resolved": "https://registry.npmjs.org/@babel/runtime/-/runtime-7.1.2.tgz",
      "integrity": "sha512-Y3SCjmhSupzFB6wcv1KmmFucH6gDVnI30WjOcicV10ju0cZjak3Jcs67YLIXBrmZYw1xCrVeJPbycFwrqNyxpg==",
      "license": "MIT",
      "dependencies": {
        "regenerator-runtime": "^0.12.0"
      }
    },
    "node_modules/@egjs/hammerjs": {
      "version": "2.0.17",
      "resolved": "https://registry.npmjs.org/@egjs/hammerjs/-/hammerjs-2.0.17.tgz",
      "integrity": "sha512-XQsZgjm2EcVUiZQf11UBJQfmZeEmOW8DpI1gsFeln6w0ae0ii4dMQEQ0kjl6DspdWX1aGY1/loyXnP0JS06e/A==",
      "license": "MIT",
      "dependencies": {
        "@types/hammerjs": "^2.0.36"
      },
      "engines": {
        "node": ">=0.8.0"
      }
    },
    "node_modules/@types/hammerjs": {
      "version": "2.0.46",
      "resolved": "https://registry.npmjs.org/@types/hammerjs/-/hammerjs-2.0.46.tgz",
      "integrity": "sha512-ynRvcq6wvqexJ9brDMS4BnBLzmr0e14d6ZJTEShTBWKymQiHwlAyGu0ZPEFI2Fh1U53F7tN9ufClWM5KvqkKOw==",
      "license": "MIT"
    },
    "node_modules/cornerstone-core": {
      "version": "2.6.1",
      "resolved": "https://registry.npmjs.org/cornerstone-core/-/cornerstone-core-2.6.1.tgz",
      "integrity": "sha512-LAXjXwNnK2W65ZxpE7phVLjbijkYUrAQIGv5xqKjK8+dmIGlBxqvPHnyGwEqVDyKOWVrpXP6ymUPwrGGRwzgMg==",
      "license": "MIT"
    },
    "node_modules/cornerstone-math": {
      "version": "0.1.10",
      "resolved": "https://registry.npmjs.org/cornerstone-math/-/cornerstone-math-0.1.10.tgz",
      "integrity": "sha512-23XSAyP7t70ANvhFyqwvva+zFd1bQ2d5GL7tg9qKE932WmImjA2Y9tiy5n0iTtnf51W/78Png8Lia2o4dCdJaQ==",
      "license": "MIT"
    },
    "node_modules/cornerstone-tools": {
      "version": "6.0.10",
      "resolved": "https://registry.npmjs.org/cornerstone-tools/-/cornerstone-tools-6.0.10.tgz",
      "integrity": "sha512-FbqnuQPmGvwCV6jd4KQ5dQO8zBZH4RfpAPNLoJdcyXh5Cx8YSwB3v5w79z0LLy7GlHjb9lszphW18KMWwI1Z7Q==",
      "license": "MIT",
      "dependencies": {
        "@babel/runtime": "7.1.2",
        "cornerstone-math": "0.1.10"
      },
      "engines": {
        "node": ">=8.16.0"
      },
      "peerDependencies": {
        "cornerstone-core": "^2.6.0"
      }
    },
    "node_modules/cornerstone-wado-image-loader": {
      "version": "3.0.6",
      "resolved": "https://registry.npmjs.org/cornerstone-wado-image-loader/-/cornerstone-wado-image-loader-3.0.6.tgz",
      "integrity": "sha512-1luWOh1GzkboZ3uxfu4T8vh7K9nlDiiEbQ4dYIY9oobRZVZQbQiLT8wEZPbb4JTUe7UWJISHPCNgtAU8UE9DNw==",
      "license": "MIT",
      "dependencies": {
        "dicom-parser": "^1.8.3",
        "pako": "^1.0.10"
      }
    },
    "node_modules/dicom-parser": {
      "version": "1.8.21",
      "resolved": "https://registry.npmjs.org/dicom-parser/-/dicom-parser-1.8.21.tgz",
      "integrity": "sha512-lYCweHQDsC8UFpXErPlg86Px2A8bay0HiUY+wzoG3xv5GzgqVHU3lziwSc/Gzn7VV7y2KeP072SzCviuOoU02w==",
      "license": "MIT"
    },
    "node_modules/pako": {
      "version": "1.0.11",
      "resolved": "https://registry.npmjs.org/pako/-/pako-1.0.11.tgz",
      "integrity": "sha512-4hLB8Py4zZce5s4yd9XzopqwVv/yGNhV1Bl8NTmCq1763HeK2+EwVTv+leGeL13Dnh2wfbqowVPXCIO0z4taYw==",
      "license": "(MIT AND Zlib)"
    },
    "node_modules/regenerator-runtime": {
      "version": "0.12.1",
      "resolved": "https://registry.npmjs.org/regenerator-runtime/-/regenerator-runtime-0.12.1.tgz",
      "integrity": "sha512-odxIc1/vDlo4iZcfXqRYFj0vpXFNoGdKMAUieAlFYO6m/nl5e9KR/beGf41z4a1FI+aQgtjhuaSlDxQ0hmkrHg==",
      "license": "MIT"
    }
  }
}
